
Microsoft Visual Studio Solution File, Format Version 12.00
# Visual Studio Version 16
VisualStudioVersion = 16.0.28803.452
MinimumVisualStudioVersion = 10.0.40219.1
Project("{888888A0-9F3D-457C-B088-3A5042F75D52}") = "python_examples", "python_examples.pyproj", "{92CBA55B-7B30-490D-B86C-96E6AB300465}"
EndProject
Global
	GlobalSection(SolutionConfigurationPlatforms) = preSolution
		Debug|Any CPU = Debug|Any CPU
		Release|Any CPU = Release|Any CPU
	EndGlobalSection
	GlobalSection(ProjectConfigurationPlatforms) = postSolution
		{92CBA55B-7B30-490D-B86C-96E6AB300465}.Debug|Any CPU.ActiveCfg = Debug|Any CPU
		{92CBA55B-7B30-490D-B86C-96E6AB300465}.Release|Any CPU.ActiveCfg = Release|Any CPU
	EndGlobalSection
	GlobalSection(SolutionProperties) = preSolution
		HideSolutionNode = FALSE
	EndGlobalSection
	GlobalSection(ExtensibilityGlobals) = postSolution
		SolutionGuid = {BFD62C64-C7FA-4B63-9CB7-2309973095AD}
	EndGlobalSection
EndGlobal
